
Microsoft Visual Studio Solution File, Format Version 11.00
# Visual Studio 2010
Project("{FAE04EC0-301F-11D3-BF4B-00C04F79EFBC}") = "DemonBlast", "Assembly-CSharp.csproj", "{C91A3964-C677-2879-6429-DCDBDC81EE87}"
EndProject
Project("{FAE04EC0-301F-11D3-BF4B-00C04F79EFBC}") = "DemonBlast", "Assembly-CSharp-Editor.csproj", "{2077CBD4-D9A4-AE63-89B7-7129CC67E45D}"
EndProject
Global
	GlobalSection(SolutionConfigurationPlatforms) = preSolution
		Debug|Any CPU = Debug|Any CPU
		Release|Any CPU = Release|Any CPU
	EndGlobalSection
	GlobalSection(ProjectConfigurationPlatforms) = postSolution
		{C91A3964-C677-2879-6429-DCDBDC81EE87}.Debug|Any CPU.ActiveCfg = Debug|Any CPU
		{C91A3964-C677-2879-6429-DCDBDC81EE87}.Debug|Any CPU.Build.0 = Debug|Any CPU
		{C91A3964-C677-2879-6429-DCDBDC81EE87}.Release|Any CPU.ActiveCfg = Release|Any CPU
		{C91A3964-C677-2879-6429-DCDBDC81EE87}.Release|Any CPU.Build.0 = Release|Any CPU
		{2077CBD4-D9A4-AE63-89B7-7129CC67E45D}.Debug|Any CPU.ActiveCfg = Debug|Any CPU
		{2077CBD4-D9A4-AE63-89B7-7129CC67E45D}.Debug|Any CPU.Build.0 = Debug|Any CPU
		{2077CBD4-D9A4-AE63-89B7-7129CC67E45D}.Release|Any CPU.ActiveCfg = Release|Any CPU
		{2077CBD4-D9A4-AE63-89B7-7129CC67E45D}.Release|Any CPU.Build.0 = Release|Any CPU
	EndGlobalSection
	GlobalSection(SolutionProperties) = preSolution
		HideSolutionNode = FALSE
	EndGlobalSection
	GlobalSection(MonoDevelopProperties) = preSolution
		StartupItem = Assembly-CSharp.csproj
	EndGlobalSection
EndGlobal
