
Microsoft Visual Studio Solution File, Format Version 12.00
# Visual Studio 2017
Project("{FAE04EC0-301F-11D3-BF4B-00C04F79EFBC}") = "DemonBlast", "DemonBlast.csproj", "{9D706612-F420-2969-ACB1-779292E6C1D1}"
EndProject
Project("{FAE04EC0-301F-11D3-BF4B-00C04F79EFBC}") = "DemonBlast.Editor", "DemonBlast.Editor.csproj", "{BFB31BDA-D22B-3293-E75E-C1A888AFEBEC}"
EndProject
Global
	GlobalSection(SolutionConfigurationPlatforms) = preSolution
		Debug|Any CPU = Debug|Any CPU
		Release|Any CPU = Release|Any CPU
	EndGlobalSection
	GlobalSection(ProjectConfigurationPlatforms) = postSolution
		{9D706612-F420-2969-ACB1-779292E6C1D1}.Debug|Any CPU.ActiveCfg = Debug|Any CPU
		{9D706612-F420-2969-ACB1-779292E6C1D1}.Debug|Any CPU.Build.0 = Debug|Any CPU
		{9D706612-F420-2969-ACB1-779292E6C1D1}.Release|Any CPU.ActiveCfg = Release|Any CPU
		{9D706612-F420-2969-ACB1-779292E6C1D1}.Release|Any CPU.Build.0 = Release|Any CPU
		{BFB31BDA-D22B-3293-E75E-C1A888AFEBEC}.Debug|Any CPU.ActiveCfg = Debug|Any CPU
		{BFB31BDA-D22B-3293-E75E-C1A888AFEBEC}.Debug|Any CPU.Build.0 = Debug|Any CPU
		{BFB31BDA-D22B-3293-E75E-C1A888AFEBEC}.Release|Any CPU.ActiveCfg = Release|Any CPU
		{BFB31BDA-D22B-3293-E75E-C1A888AFEBEC}.Release|Any CPU.Build.0 = Release|Any CPU
	EndGlobalSection
	GlobalSection(SolutionProperties) = preSolution
		HideSolutionNode = FALSE
	EndGlobalSection
EndGlobal
